
Microsoft Visual Studio Solution File, Format Version 12.00
# Visual Studio Version 17
VisualStudioVersion = 17.4.33205.214
MinimumVisualStudioVersion = 10.0.40219.1
Project("{FAE04EC0-301F-11D3-BF4B-00C04F79EFBC}") = "Sorting_comparison", "Sorting_comparison\Sorting_comparison.csproj", "{22587175-8F73-4AC5-B1A0-3A49DCA9B0DA}"
EndProject
Global
	GlobalSection(SolutionConfigurationPlatforms) = preSolution
		Debug|Any CPU = Debug|Any CPU
		Release|Any CPU = Release|Any CPU
	EndGlobalSection
	GlobalSection(ProjectConfigurationPlatforms) = postSolution
		{22587175-8F73-4AC5-B1A0-3A49DCA9B0DA}.Debug|Any CPU.ActiveCfg = Debug|Any CPU
		{22587175-8F73-4AC5-B1A0-3A49DCA9B0DA}.Debug|Any CPU.Build.0 = Debug|Any CPU
		{22587175-8F73-4AC5-B1A0-3A49DCA9B0DA}.Release|Any CPU.ActiveCfg = Release|Any CPU
		{22587175-8F73-4AC5-B1A0-3A49DCA9B0DA}.Release|Any CPU.Build.0 = Release|Any CPU
	EndGlobalSection
	GlobalSection(SolutionProperties) = preSolution
		HideSolutionNode = FALSE
	EndGlobalSection
	GlobalSection(ExtensibilityGlobals) = postSolution
		SolutionGuid = {7EC2E0EF-0C43-4077-96CF-26F523F62955}
	EndGlobalSection
EndGlobal
